
Microsoft Visual Studio Solution File, Format Version 12.00
# Visual Studio 14
VisualStudioVersion = 14.0.25420.1
MinimumVisualStudioVersion = 10.0.40219.1
Project("{2150E333-8FDC-42A3-9474-1A3956D46DE8}") = "src", "src", "{DECD1A1D-BE25-46F4-B412-FBB5EC797A6E}"
EndProject
Project("{2150E333-8FDC-42A3-9474-1A3956D46DE8}") = "Solution Items", "Solution Items", "{11500CC8-C817-4F7F-8992-EAEF7E5AF04A}"
	ProjectSection(SolutionItems) = preProject
		FxCopRules.ruleset = FxCopRules.ruleset
		global.json = global.json
		Resharper.DotSettings = Resharper.DotSettings
		Settings.StyleCop = Settings.StyleCop
	EndProjectSection
EndProject
Project("{8BB2217D-0F2D-49D1-97BC-3654ED321F3B}") = "WebServicePoc", "src\WebServicePoc\WebServicePoc.xproj", "{B3B41D52-78E0-428A-96B5-593D9481F1C9}"
EndProject
Global
	GlobalSection(SolutionConfigurationPlatforms) = preSolution
		Debug|Any CPU = Debug|Any CPU
		Release|Any CPU = Release|Any CPU
	EndGlobalSection
	GlobalSection(ProjectConfigurationPlatforms) = postSolution
		{B3B41D52-78E0-428A-96B5-593D9481F1C9}.Debug|Any CPU.ActiveCfg = Debug|Any CPU
		{B3B41D52-78E0-428A-96B5-593D9481F1C9}.Debug|Any CPU.Build.0 = Debug|Any CPU
		{B3B41D52-78E0-428A-96B5-593D9481F1C9}.Release|Any CPU.ActiveCfg = Release|Any CPU
		{B3B41D52-78E0-428A-96B5-593D9481F1C9}.Release|Any CPU.Build.0 = Release|Any CPU
	EndGlobalSection
	GlobalSection(SolutionProperties) = preSolution
		HideSolutionNode = FALSE
	EndGlobalSection
	GlobalSection(NestedProjects) = preSolution
		{B3B41D52-78E0-428A-96B5-593D9481F1C9} = {DECD1A1D-BE25-46F4-B412-FBB5EC797A6E}
	EndGlobalSection
EndGlobal
