
Microsoft Visual Studio Solution File, Format Version 12.00
# Visual Studio 14
VisualStudioVersion = 14.0.25420.1
MinimumVisualStudioVersion = 10.0.40219.1
Project("{2150E333-8FDC-42A3-9474-1A3956D46DE8}") = "src", "src", "{DECD1A1D-BE25-46F4-B412-FBB5EC797A6E}"
EndProject
Project("{2150E333-8FDC-42A3-9474-1A3956D46DE8}") = "Solution Items", "Solution Items", "{11500CC8-C817-4F7F-8992-EAEF7E5AF04A}"
	ProjectSection(SolutionItems) = preProject
		FxCopRules.ruleset = FxCopRules.ruleset
		global.json = global.json
		Resharper.DotSettings = Resharper.DotSettings
		Settings.StyleCop = Settings.StyleCop
	EndProjectSection
EndProject
Project("{8BB2217D-0F2D-49D1-97BC-3654ED321F3B}") = "WebServicePoc", "src\WebServicePoc\WebServicePoc.xproj", "{B3B41D52-78E0-428A-96B5-593D9481F1C9}"
EndProject
Project("{FAE04EC0-301F-11D3-BF4B-00C04F79EFBC}") = "ApplicationServices", "ApplicationServices\ApplicationServices.csproj", "{2C2CF745-87B4-46F7-A0F7-10598EA41DA2}"
EndProject
Project("{00D1A9C2-B5F0-4AF3-8072-F6C62B433612}") = "Database", "Database\Database.sqlproj", "{EF9BE9AF-AC0B-4134-B7B0-070412B4ABE9}"
EndProject
Project("{FAE04EC0-301F-11D3-BF4B-00C04F79EFBC}") = "DataAccess", "DataAccess\DataAccess.csproj", "{B8DB8AEE-5072-4285-9093-E6E542EB4FDD}"
EndProject
Project("{FAE04EC0-301F-11D3-BF4B-00C04F79EFBC}") = "DomainModel", "DomainModel\DomainModel.csproj", "{82C8F16B-A6C5-4429-BCDC-48FE9AB75847}"
EndProject
Project("{FAE04EC0-301F-11D3-BF4B-00C04F79EFBC}") = "DataAccess.Tests", "DataAccess.Tests\DataAccess.Tests.csproj", "{F3105F86-90AE-4CC4-880E-32DA22C1F437}"
EndProject
Project("{A07B5EB6-E848-4116-A8D0-A826331D98C6}") = "WebServicePoc.Fabric", "WebServicePoc.Fabric\WebServicePoc.Fabric.sfproj", "{725CA1FA-03D3-45B7-A0E2-DFBD763658AE}"
EndProject
Project("{FAE04EC0-301F-11D3-BF4B-00C04F79EFBC}") = "Contracts", "Contracts\Contracts.csproj", "{04E27AB3-B533-4E70-AF57-DD61CA13E078}"
EndProject
Global
	GlobalSection(SolutionConfigurationPlatforms) = preSolution
		Debug|Any CPU = Debug|Any CPU
		Debug|x64 = Debug|x64
		Release|Any CPU = Release|Any CPU
		Release|x64 = Release|x64
	EndGlobalSection
	GlobalSection(ProjectConfigurationPlatforms) = postSolution
		{B3B41D52-78E0-428A-96B5-593D9481F1C9}.Debug|Any CPU.ActiveCfg = Debug|Any CPU
		{B3B41D52-78E0-428A-96B5-593D9481F1C9}.Debug|Any CPU.Build.0 = Debug|Any CPU
		{B3B41D52-78E0-428A-96B5-593D9481F1C9}.Debug|x64.ActiveCfg = Debug|Any CPU
		{B3B41D52-78E0-428A-96B5-593D9481F1C9}.Debug|x64.Build.0 = Debug|Any CPU
		{B3B41D52-78E0-428A-96B5-593D9481F1C9}.Release|Any CPU.ActiveCfg = Release|Any CPU
		{B3B41D52-78E0-428A-96B5-593D9481F1C9}.Release|Any CPU.Build.0 = Release|Any CPU
		{B3B41D52-78E0-428A-96B5-593D9481F1C9}.Release|x64.ActiveCfg = Release|Any CPU
		{B3B41D52-78E0-428A-96B5-593D9481F1C9}.Release|x64.Build.0 = Release|Any CPU
		{2C2CF745-87B4-46F7-A0F7-10598EA41DA2}.Debug|Any CPU.ActiveCfg = Debug|Any CPU
		{2C2CF745-87B4-46F7-A0F7-10598EA41DA2}.Debug|Any CPU.Build.0 = Debug|Any CPU
		{2C2CF745-87B4-46F7-A0F7-10598EA41DA2}.Debug|x64.ActiveCfg = Debug|x64
		{2C2CF745-87B4-46F7-A0F7-10598EA41DA2}.Debug|x64.Build.0 = Debug|x64
		{2C2CF745-87B4-46F7-A0F7-10598EA41DA2}.Release|Any CPU.ActiveCfg = Release|Any CPU
		{2C2CF745-87B4-46F7-A0F7-10598EA41DA2}.Release|Any CPU.Build.0 = Release|Any CPU
		{2C2CF745-87B4-46F7-A0F7-10598EA41DA2}.Release|x64.ActiveCfg = Release|Any CPU
		{2C2CF745-87B4-46F7-A0F7-10598EA41DA2}.Release|x64.Build.0 = Release|Any CPU
		{EF9BE9AF-AC0B-4134-B7B0-070412B4ABE9}.Debug|Any CPU.ActiveCfg = Debug|Any CPU
		{EF9BE9AF-AC0B-4134-B7B0-070412B4ABE9}.Debug|Any CPU.Build.0 = Debug|Any CPU
		{EF9BE9AF-AC0B-4134-B7B0-070412B4ABE9}.Debug|Any CPU.Deploy.0 = Debug|Any CPU
		{EF9BE9AF-AC0B-4134-B7B0-070412B4ABE9}.Debug|x64.ActiveCfg = Debug|Any CPU
		{EF9BE9AF-AC0B-4134-B7B0-070412B4ABE9}.Debug|x64.Build.0 = Debug|Any CPU
		{EF9BE9AF-AC0B-4134-B7B0-070412B4ABE9}.Debug|x64.Deploy.0 = Debug|Any CPU
		{EF9BE9AF-AC0B-4134-B7B0-070412B4ABE9}.Release|Any CPU.ActiveCfg = Release|Any CPU
		{EF9BE9AF-AC0B-4134-B7B0-070412B4ABE9}.Release|Any CPU.Build.0 = Release|Any CPU
		{EF9BE9AF-AC0B-4134-B7B0-070412B4ABE9}.Release|Any CPU.Deploy.0 = Release|Any CPU
		{EF9BE9AF-AC0B-4134-B7B0-070412B4ABE9}.Release|x64.ActiveCfg = Release|Any CPU
		{EF9BE9AF-AC0B-4134-B7B0-070412B4ABE9}.Release|x64.Build.0 = Release|Any CPU
		{EF9BE9AF-AC0B-4134-B7B0-070412B4ABE9}.Release|x64.Deploy.0 = Release|Any CPU
		{B8DB8AEE-5072-4285-9093-E6E542EB4FDD}.Debug|Any CPU.ActiveCfg = Debug|Any CPU
		{B8DB8AEE-5072-4285-9093-E6E542EB4FDD}.Debug|Any CPU.Build.0 = Debug|Any CPU
		{B8DB8AEE-5072-4285-9093-E6E542EB4FDD}.Debug|x64.ActiveCfg = Debug|x64
		{B8DB8AEE-5072-4285-9093-E6E542EB4FDD}.Debug|x64.Build.0 = Debug|x64
		{B8DB8AEE-5072-4285-9093-E6E542EB4FDD}.Release|Any CPU.ActiveCfg = Release|Any CPU
		{B8DB8AEE-5072-4285-9093-E6E542EB4FDD}.Release|Any CPU.Build.0 = Release|Any CPU
		{B8DB8AEE-5072-4285-9093-E6E542EB4FDD}.Release|x64.ActiveCfg = Release|Any CPU
		{B8DB8AEE-5072-4285-9093-E6E542EB4FDD}.Release|x64.Build.0 = Release|Any CPU
		{82C8F16B-A6C5-4429-BCDC-48FE9AB75847}.Debug|Any CPU.ActiveCfg = Debug|Any CPU
		{82C8F16B-A6C5-4429-BCDC-48FE9AB75847}.Debug|Any CPU.Build.0 = Debug|Any CPU
		{82C8F16B-A6C5-4429-BCDC-48FE9AB75847}.Debug|x64.ActiveCfg = Debug|x64
		{82C8F16B-A6C5-4429-BCDC-48FE9AB75847}.Debug|x64.Build.0 = Debug|x64
		{82C8F16B-A6C5-4429-BCDC-48FE9AB75847}.Release|Any CPU.ActiveCfg = Release|Any CPU
		{82C8F16B-A6C5-4429-BCDC-48FE9AB75847}.Release|Any CPU.Build.0 = Release|Any CPU
		{82C8F16B-A6C5-4429-BCDC-48FE9AB75847}.Release|x64.ActiveCfg = Release|Any CPU
		{82C8F16B-A6C5-4429-BCDC-48FE9AB75847}.Release|x64.Build.0 = Release|Any CPU
		{F3105F86-90AE-4CC4-880E-32DA22C1F437}.Debug|Any CPU.ActiveCfg = Debug|Any CPU
		{F3105F86-90AE-4CC4-880E-32DA22C1F437}.Debug|Any CPU.Build.0 = Debug|Any CPU
		{F3105F86-90AE-4CC4-880E-32DA22C1F437}.Debug|x64.ActiveCfg = Debug|x64
		{F3105F86-90AE-4CC4-880E-32DA22C1F437}.Debug|x64.Build.0 = Debug|x64
		{F3105F86-90AE-4CC4-880E-32DA22C1F437}.Release|Any CPU.ActiveCfg = Release|Any CPU
		{F3105F86-90AE-4CC4-880E-32DA22C1F437}.Release|Any CPU.Build.0 = Release|Any CPU
		{F3105F86-90AE-4CC4-880E-32DA22C1F437}.Release|x64.ActiveCfg = Release|Any CPU
		{F3105F86-90AE-4CC4-880E-32DA22C1F437}.Release|x64.Build.0 = Release|Any CPU
		{725CA1FA-03D3-45B7-A0E2-DFBD763658AE}.Debug|Any CPU.ActiveCfg = Debug|x64
		{725CA1FA-03D3-45B7-A0E2-DFBD763658AE}.Debug|x64.ActiveCfg = Debug|x64
		{725CA1FA-03D3-45B7-A0E2-DFBD763658AE}.Debug|x64.Build.0 = Debug|x64
		{725CA1FA-03D3-45B7-A0E2-DFBD763658AE}.Debug|x64.Deploy.0 = Debug|x64
		{725CA1FA-03D3-45B7-A0E2-DFBD763658AE}.Release|Any CPU.ActiveCfg = Release|x64
		{725CA1FA-03D3-45B7-A0E2-DFBD763658AE}.Release|x64.ActiveCfg = Release|x64
		{725CA1FA-03D3-45B7-A0E2-DFBD763658AE}.Release|x64.Build.0 = Release|x64
		{725CA1FA-03D3-45B7-A0E2-DFBD763658AE}.Release|x64.Deploy.0 = Release|x64
		{04E27AB3-B533-4E70-AF57-DD61CA13E078}.Debug|Any CPU.ActiveCfg = Debug|Any CPU
		{04E27AB3-B533-4E70-AF57-DD61CA13E078}.Debug|Any CPU.Build.0 = Debug|Any CPU
		{04E27AB3-B533-4E70-AF57-DD61CA13E078}.Debug|x64.ActiveCfg = Debug|Any CPU
		{04E27AB3-B533-4E70-AF57-DD61CA13E078}.Debug|x64.Build.0 = Debug|Any CPU
		{04E27AB3-B533-4E70-AF57-DD61CA13E078}.Release|Any CPU.ActiveCfg = Release|Any CPU
		{04E27AB3-B533-4E70-AF57-DD61CA13E078}.Release|Any CPU.Build.0 = Release|Any CPU
		{04E27AB3-B533-4E70-AF57-DD61CA13E078}.Release|x64.ActiveCfg = Release|Any CPU
		{04E27AB3-B533-4E70-AF57-DD61CA13E078}.Release|x64.Build.0 = Release|Any CPU
	EndGlobalSection
	GlobalSection(SolutionProperties) = preSolution
		HideSolutionNode = FALSE
	EndGlobalSection
	GlobalSection(NestedProjects) = preSolution
		{B3B41D52-78E0-428A-96B5-593D9481F1C9} = {DECD1A1D-BE25-46F4-B412-FBB5EC797A6E}
		{2C2CF745-87B4-46F7-A0F7-10598EA41DA2} = {DECD1A1D-BE25-46F4-B412-FBB5EC797A6E}
		{EF9BE9AF-AC0B-4134-B7B0-070412B4ABE9} = {DECD1A1D-BE25-46F4-B412-FBB5EC797A6E}
		{B8DB8AEE-5072-4285-9093-E6E542EB4FDD} = {DECD1A1D-BE25-46F4-B412-FBB5EC797A6E}
		{82C8F16B-A6C5-4429-BCDC-48FE9AB75847} = {DECD1A1D-BE25-46F4-B412-FBB5EC797A6E}
		{F3105F86-90AE-4CC4-880E-32DA22C1F437} = {DECD1A1D-BE25-46F4-B412-FBB5EC797A6E}
		{725CA1FA-03D3-45B7-A0E2-DFBD763658AE} = {DECD1A1D-BE25-46F4-B412-FBB5EC797A6E}
		{04E27AB3-B533-4E70-AF57-DD61CA13E078} = {DECD1A1D-BE25-46F4-B412-FBB5EC797A6E}
	EndGlobalSection
EndGlobal
